
Microsoft Visual Studio Solution File, Format Version 12.00
# Visual Studio Version 16
VisualStudioVersion = 16.0.30011.22
MinimumVisualStudioVersion = 10.0.40219.1
Project("{FAE04EC0-301F-11D3-BF4B-00C04F79EFBC}") = "Consume_Servicio_i2es", "Consume_Servicio_i2es\Consume_Servicio_i2es.csproj", "{8AE6FB1D-4508-4543-AA40-DD63A8A1F897}"
EndProject
Project("{2150E333-8FDC-42A3-9474-1A3956D46DE8}") = "Solution Items", "Solution Items", "{2EDB89E4-DF7D-4E04-BF79-2784EF7D19EC}"
EndProject
Global
	GlobalSection(SolutionConfigurationPlatforms) = preSolution
		Debug|Any CPU = Debug|Any CPU
		Release|Any CPU = Release|Any CPU
	EndGlobalSection
	GlobalSection(ProjectConfigurationPlatforms) = postSolution
		{8AE6FB1D-4508-4543-AA40-DD63A8A1F897}.Debug|Any CPU.ActiveCfg = Debug|Any CPU
		{8AE6FB1D-4508-4543-AA40-DD63A8A1F897}.Debug|Any CPU.Build.0 = Debug|Any CPU
		{8AE6FB1D-4508-4543-AA40-DD63A8A1F897}.Release|Any CPU.ActiveCfg = Release|Any CPU
		{8AE6FB1D-4508-4543-AA40-DD63A8A1F897}.Release|Any CPU.Build.0 = Release|Any CPU
	EndGlobalSection
	GlobalSection(SolutionProperties) = preSolution
		HideSolutionNode = FALSE
	EndGlobalSection
	GlobalSection(ExtensibilityGlobals) = postSolution
		SolutionGuid = {4E4F4FFF-22C1-4790-83B2-DCE353F044A8}
	EndGlobalSection
EndGlobal
